
Microsoft Visual Studio Solution File, Format Version 12.00
# Visual Studio Version 17
VisualStudioVersion = 17.12.35728.132 d17.12
MinimumVisualStudioVersion = 10.0.40219.1
Project("{54A90642-561A-4BB1-A94E-469ADEE60C69}") = "PiggyBankPal", "PiggyBankPal.esproj", "{C0E20BE8-9A0F-42D0-8210-BAB5A6C1BE8B}"
EndProject
Global
	GlobalSection(SolutionConfigurationPlatforms) = preSolution
		Debug|Any CPU = Debug|Any CPU
		Release|Any CPU = Release|Any CPU
	EndGlobalSection
	GlobalSection(ProjectConfigurationPlatforms) = postSolution
		{C0E20BE8-9A0F-42D0-8210-BAB5A6C1BE8B}.Debug|Any CPU.ActiveCfg = Debug|Any CPU
		{C0E20BE8-9A0F-42D0-8210-BAB5A6C1BE8B}.Debug|Any CPU.Build.0 = Debug|Any CPU
		{C0E20BE8-9A0F-42D0-8210-BAB5A6C1BE8B}.Debug|Any CPU.Deploy.0 = Debug|Any CPU
		{C0E20BE8-9A0F-42D0-8210-BAB5A6C1BE8B}.Release|Any CPU.ActiveCfg = Release|Any CPU
		{C0E20BE8-9A0F-42D0-8210-BAB5A6C1BE8B}.Release|Any CPU.Build.0 = Release|Any CPU
		{C0E20BE8-9A0F-42D0-8210-BAB5A6C1BE8B}.Release|Any CPU.Deploy.0 = Release|Any CPU
	EndGlobalSection
	GlobalSection(SolutionProperties) = preSolution
		HideSolutionNode = FALSE
	EndGlobalSection
EndGlobal
